
Microsoft Visual Studio Solution File, Format Version 12.00
# Visual Studio Version 16
VisualStudioVersion = 16.0.30320.27
MinimumVisualStudioVersion = 10.0.40219.1
Project("{FAE04EC0-301F-11D3-BF4B-00C04F79EFBC}") = "XlfMagician", "XlfMagician.csproj", "{B68E47B6-D160-4D06-AB1D-E9CD7F537F59}"
EndProject
Global
	GlobalSection(SolutionConfigurationPlatforms) = preSolution
		Debug|Any CPU = Debug|Any CPU
		Release|Any CPU = Release|Any CPU
	EndGlobalSection
	GlobalSection(ProjectConfigurationPlatforms) = postSolution
		{B68E47B6-D160-4D06-AB1D-E9CD7F537F59}.Debug|Any CPU.ActiveCfg = Debug|Any CPU
		{B68E47B6-D160-4D06-AB1D-E9CD7F537F59}.Debug|Any CPU.Build.0 = Debug|Any CPU
		{B68E47B6-D160-4D06-AB1D-E9CD7F537F59}.Release|Any CPU.ActiveCfg = Release|Any CPU
		{B68E47B6-D160-4D06-AB1D-E9CD7F537F59}.Release|Any CPU.Build.0 = Release|Any CPU
	EndGlobalSection
	GlobalSection(SolutionProperties) = preSolution
		HideSolutionNode = FALSE
	EndGlobalSection
	GlobalSection(ExtensibilityGlobals) = postSolution
		SolutionGuid = {F6DAF5EB-15EC-4072-A224-0B8B3ABA9541}
	EndGlobalSection
EndGlobal
